
Microsoft Visual Studio Solution File, Format Version 12.00
# Visual Studio 15
VisualStudioVersion = 15.0.27703.2035
MinimumVisualStudioVersion = 10.0.40219.1
Project("{FAE04EC0-301F-11D3-BF4B-00C04F79EFBC}") = "addressbook_web_tests", "addressbook_web_tes\addressbook_web_tests.csproj", "{5EA399FF-5FA0-4095-9C1A-62391104A4FB}"
EndProject
Project("{FAE04EC0-301F-11D3-BF4B-00C04F79EFBC}") = "addressbook-test-data-generators", "addressbook-test-data-generators\addressbook-test-data-generators.csproj", "{CD0CB368-8E52-4929-8A3C-B54426151150}"
	ProjectSection(ProjectDependencies) = postProject
		{5EA399FF-5FA0-4095-9C1A-62391104A4FB} = {5EA399FF-5FA0-4095-9C1A-62391104A4FB}
	EndProjectSection
EndProject
Global
	GlobalSection(SolutionConfigurationPlatforms) = preSolution
		Debug|Any CPU = Debug|Any CPU
		Release|Any CPU = Release|Any CPU
	EndGlobalSection
	GlobalSection(ProjectConfigurationPlatforms) = postSolution
		{5EA399FF-5FA0-4095-9C1A-62391104A4FB}.Debug|Any CPU.ActiveCfg = Debug|Any CPU
		{5EA399FF-5FA0-4095-9C1A-62391104A4FB}.Debug|Any CPU.Build.0 = Debug|Any CPU
		{5EA399FF-5FA0-4095-9C1A-62391104A4FB}.Release|Any CPU.ActiveCfg = Release|Any CPU
		{5EA399FF-5FA0-4095-9C1A-62391104A4FB}.Release|Any CPU.Build.0 = Release|Any CPU
		{CD0CB368-8E52-4929-8A3C-B54426151150}.Debug|Any CPU.ActiveCfg = Debug|Any CPU
		{CD0CB368-8E52-4929-8A3C-B54426151150}.Debug|Any CPU.Build.0 = Debug|Any CPU
		{CD0CB368-8E52-4929-8A3C-B54426151150}.Release|Any CPU.ActiveCfg = Release|Any CPU
		{CD0CB368-8E52-4929-8A3C-B54426151150}.Release|Any CPU.Build.0 = Release|Any CPU
	EndGlobalSection
	GlobalSection(SolutionProperties) = preSolution
		HideSolutionNode = FALSE
	EndGlobalSection
	GlobalSection(ExtensibilityGlobals) = postSolution
		SolutionGuid = {D5E898F4-EF88-4FC1-95CD-1FA7A26EDC0B}
	EndGlobalSection
EndGlobal
